<?xml version="1.0" encoding="UTF-8" standalone="yes" ?>
<CodeBlocks_project_file>
	<FileVersion major="1" minor="6" />
	<Project>
		<Option title="lwip" />
		<Option pch_mode="2" />
		<Option compiler="dv10" />
		<Build>
			<Target title="Debug">
				<Option output="../../../../include_lib/liba/dv17/liblwip.a" prefix_auto="0" extension_auto="0" />
				<Option working_dir="" />
				<Option object_output="obj/Debug/" />
				<Option type="2" />
				<Option compiler="pi32v2_r3_lto_compiler" />
				<Compiler>
					<Add option="-fomit-frame-pointer" />
					<Add option="-Os" />
					<Add option="-w" />
					<Add option="-g" />
					<Add option="-flto" />
					<Add option="-mllvm -pi32v2-large-program" />
					<Add option="-D_POSIX_SOURCE" />
					<Add option="-D_SYS_SELECT_H" />
					<Add option="-DCONFIG_FREE_RTOS_ENABLE" />
					<Add option="-DUSE_RTOS" />
					<Add directory="../../../../../../../../../opt/pi32v2/newlib/include" />
					<Add directory="../../../../include_lib/system/os" />
					<Add directory="../../../../include_lib" />
					<Add directory="../../../../include_lib/net" />
					<Add directory="../../../../include_lib/net/lwip/src/include" />
					<Add directory="../../../../include_lib/net/lwip/port" />
					<Add directory="../../../../include_lib/net/lwip/src/include/netif" />
					<Add directory="../../../../include_lib/net/lwip/port/arch" />
					<Add directory="../../../../include_lib/net/lwip/app/ctp" />
					<Add directory="../../../../include_lib/net/lwip/app/dhcp_srv" />
					<Add directory="../../../../include_lib/net/lwip/app/dtp" />
					<Add directory="../../../../include_lib/net/lwip/app/sock_api" />
					<Add directory="../../../../include_lib/net/lwip/app/udtp" />
					<Add directory="../../../../include_lib/net/lwip/src/include/lwip" />
					<Add directory="../../../../include_lib/net/lwip/app" />
					<Add directory="../../../../include_lib/net/lwip/app/mssdp" />
					<Add directory="../../../../include_lib/net/lwip/app/ddns" />
					<Add directory="../../../../include_lib/system/generic" />
					<Add directory="../../../../include_lib/system" />
					<Add directory="../../../../include_lib/system/cpu/AC54xx" />
					<Add directory="../../../../include_lib/system/cpu/DV17" />
					<Add directory="../../../../include_lib/net/device" />
				</Compiler>
			</Target>
		</Build>
		<Compiler>
			<Add directory="./" />
		</Compiler>
		<Unit filename="../../../../include_lib/net/lwip/app/ctp/ctp.h" />
		<Unit filename="../../../../include_lib/net/lwip/app/ddns/DDNS.h" />
		<Unit filename="../../../../include_lib/net/lwip/app/dhcp_srv/dhcp_srv.h" />
		<Unit filename="../../../../include_lib/net/lwip/app/dtp/dtp.h" />
		<Unit filename="../../../../include_lib/net/lwip/app/mssdp/mssdp.h" />
		<Unit filename="../../../../include_lib/net/lwip/app/ntp/ntp.h" />
		<Unit filename="../../../../include_lib/net/lwip/app/sock_api/sock_api.h" />
		<Unit filename="../../../../include_lib/net/lwip/app/udtp/udtp.h" />
		<Unit filename="../../../../include_lib/net/lwip/port/arch/cc.h" />
		<Unit filename="../../../../include_lib/net/lwip/port/arch/cpu.h" />
		<Unit filename="../../../../include_lib/net/lwip/port/arch/perf.h" />
		<Unit filename="../../../../include_lib/net/lwip/port/arch/sys_arch.h" />
		<Unit filename="../../../../include_lib/net/lwip/port/lwip.h" />
		<Unit filename="../../../../include_lib/net/lwip/port/lwipopts.h" />
		<Unit filename="../../../../include_lib/net/lwip/src/include/lwip/api.h" />
		<Unit filename="../../../../include_lib/net/lwip/src/include/lwip/arch.h" />
		<Unit filename="../../../../include_lib/net/lwip/src/include/lwip/autoip.h" />
		<Unit filename="../../../../include_lib/net/lwip/src/include/lwip/debug.h" />
		<Unit filename="../../../../include_lib/net/lwip/src/include/lwip/def.h" />
		<Unit filename="../../../../include_lib/net/lwip/src/include/lwip/dhcp.h" />
		<Unit filename="../../../../include_lib/net/lwip/src/include/lwip/dhcp6.h" />
		<Unit filename="../../../../include_lib/net/lwip/src/include/lwip/dns.h" />
		<Unit filename="../../../../include_lib/net/lwip/src/include/lwip/err.h" />
		<Unit filename="../../../../include_lib/net/lwip/src/include/lwip/errno.h" />
		<Unit filename="../../../../include_lib/net/lwip/src/include/lwip/etharp.h" />
		<Unit filename="../../../../include_lib/net/lwip/src/include/lwip/ethip6.h" />
		<Unit filename="../../../../include_lib/net/lwip/src/include/lwip/icmp.h" />
		<Unit filename="../../../../include_lib/net/lwip/src/include/lwip/icmp6.h" />
		<Unit filename="../../../../include_lib/net/lwip/src/include/lwip/igmp.h" />
		<Unit filename="../../../../include_lib/net/lwip/src/include/lwip/inet.h" />
		<Unit filename="../../../../include_lib/net/lwip/src/include/lwip/inet_chksum.h" />
		<Unit filename="../../../../include_lib/net/lwip/src/include/lwip/init.h" />
		<Unit filename="../../../../include_lib/net/lwip/src/include/lwip/ip.h" />
		<Unit filename="../../../../include_lib/net/lwip/src/include/lwip/ip4.h" />
		<Unit filename="../../../../include_lib/net/lwip/src/include/lwip/ip4_addr.h" />
		<Unit filename="../../../../include_lib/net/lwip/src/include/lwip/ip4_frag.h" />
		<Unit filename="../../../../include_lib/net/lwip/src/include/lwip/ip6.h" />
		<Unit filename="../../../../include_lib/net/lwip/src/include/lwip/ip6_addr.h" />
		<Unit filename="../../../../include_lib/net/lwip/src/include/lwip/ip6_frag.h" />
		<Unit filename="../../../../include_lib/net/lwip/src/include/lwip/ip_addr.h" />
		<Unit filename="../../../../include_lib/net/lwip/src/include/lwip/mem.h" />
		<Unit filename="../../../../include_lib/net/lwip/src/include/lwip/memp.h" />
		<Unit filename="../../../../include_lib/net/lwip/src/include/lwip/mld6.h" />
		<Unit filename="../../../../include_lib/net/lwip/src/include/lwip/nd6.h" />
		<Unit filename="../../../../include_lib/net/lwip/src/include/lwip/netbuf.h" />
		<Unit filename="../../../../include_lib/net/lwip/src/include/lwip/netdb.h" />
		<Unit filename="../../../../include_lib/net/lwip/src/include/lwip/netif.h" />
		<Unit filename="../../../../include_lib/net/lwip/src/include/lwip/netifapi.h" />
		<Unit filename="../../../../include_lib/net/lwip/src/include/lwip/opt.h" />
		<Unit filename="../../../../include_lib/net/lwip/src/include/lwip/pbuf.h" />
		<Unit filename="../../../../include_lib/net/lwip/src/include/lwip/priv/api_msg.h" />
		<Unit filename="../../../../include_lib/net/lwip/src/include/lwip/priv/memp_priv.h" />
		<Unit filename="../../../../include_lib/net/lwip/src/include/lwip/priv/memp_std.h" />
		<Unit filename="../../../../include_lib/net/lwip/src/include/lwip/priv/nd6_priv.h" />
		<Unit filename="../../../../include_lib/net/lwip/src/include/lwip/priv/tcp_priv.h" />
		<Unit filename="../../../../include_lib/net/lwip/src/include/lwip/priv/tcpip_priv.h" />
		<Unit filename="../../../../include_lib/net/lwip/src/include/lwip/prot/autoip.h" />
		<Unit filename="../../../../include_lib/net/lwip/src/include/lwip/prot/dhcp.h" />
		<Unit filename="../../../../include_lib/net/lwip/src/include/lwip/prot/dns.h" />
		<Unit filename="../../../../include_lib/net/lwip/src/include/lwip/prot/etharp.h" />
		<Unit filename="../../../../include_lib/net/lwip/src/include/lwip/prot/ethernet.h" />
		<Unit filename="../../../../include_lib/net/lwip/src/include/lwip/prot/icmp.h" />
		<Unit filename="../../../../include_lib/net/lwip/src/include/lwip/prot/icmp6.h" />
		<Unit filename="../../../../include_lib/net/lwip/src/include/lwip/prot/igmp.h" />
		<Unit filename="../../../../include_lib/net/lwip/src/include/lwip/prot/ip.h" />
		<Unit filename="../../../../include_lib/net/lwip/src/include/lwip/prot/ip4.h" />
		<Unit filename="../../../../include_lib/net/lwip/src/include/lwip/prot/ip6.h" />
		<Unit filename="../../../../include_lib/net/lwip/src/include/lwip/prot/mld6.h" />
		<Unit filename="../../../../include_lib/net/lwip/src/include/lwip/prot/nd6.h" />
		<Unit filename="../../../../include_lib/net/lwip/src/include/lwip/prot/tcp.h" />
		<Unit filename="../../../../include_lib/net/lwip/src/include/lwip/prot/udp.h" />
		<Unit filename="../../../../include_lib/net/lwip/src/include/lwip/raw.h" />
		<Unit filename="../../../../include_lib/net/lwip/src/include/lwip/sio.h" />
		<Unit filename="../../../../include_lib/net/lwip/src/include/lwip/snmp.h" />
		<Unit filename="../../../../include_lib/net/lwip/src/include/lwip/sockets.h" />
		<Unit filename="../../../../include_lib/net/lwip/src/include/lwip/stats.h" />
		<Unit filename="../../../../include_lib/net/lwip/src/include/lwip/sys.h" />
		<Unit filename="../../../../include_lib/net/lwip/src/include/lwip/tcp.h" />
		<Unit filename="../../../../include_lib/net/lwip/src/include/lwip/tcpip.h" />
		<Unit filename="../../../../include_lib/net/lwip/src/include/lwip/timeouts.h" />
		<Unit filename="../../../../include_lib/net/lwip/src/include/lwip/udp.h" />
		<Unit filename="../../../../include_lib/net/lwip/src/include/netif/etharp.h" />
		<Unit filename="../../../../include_lib/net/lwip/src/include/netif/ethernet.h" />
		<Unit filename="../../../../include_lib/net/lwip/src/include/netif/lowpan6.h" />
		<Unit filename="../../../../include_lib/net/lwip/src/include/netif/lowpan6_opts.h" />
		<Unit filename="../../../../include_lib/net/lwip/src/include/netif/ppp/ccp.h" />
		<Unit filename="../../../../include_lib/net/lwip/src/include/netif/ppp/chap-md5.h" />
		<Unit filename="../../../../include_lib/net/lwip/src/include/netif/ppp/chap-new.h" />
		<Unit filename="../../../../include_lib/net/lwip/src/include/netif/ppp/chap_ms.h" />
		<Unit filename="../../../../include_lib/net/lwip/src/include/netif/ppp/eap.h" />
		<Unit filename="../../../../include_lib/net/lwip/src/include/netif/ppp/ecp.h" />
		<Unit filename="../../../../include_lib/net/lwip/src/include/netif/ppp/eui64.h" />
		<Unit filename="../../../../include_lib/net/lwip/src/include/netif/ppp/fsm.h" />
		<Unit filename="../../../../include_lib/net/lwip/src/include/netif/ppp/ipcp.h" />
		<Unit filename="../../../../include_lib/net/lwip/src/include/netif/ppp/ipv6cp.h" />
		<Unit filename="../../../../include_lib/net/lwip/src/include/netif/ppp/lcp.h" />
		<Unit filename="../../../../include_lib/net/lwip/src/include/netif/ppp/magic.h" />
		<Unit filename="../../../../include_lib/net/lwip/src/include/netif/ppp/mppe.h" />
		<Unit filename="../../../../include_lib/net/lwip/src/include/netif/ppp/polarssl/arc4.h" />
		<Unit filename="../../../../include_lib/net/lwip/src/include/netif/ppp/polarssl/des.h" />
		<Unit filename="../../../../include_lib/net/lwip/src/include/netif/ppp/polarssl/md4.h" />
		<Unit filename="../../../../include_lib/net/lwip/src/include/netif/ppp/polarssl/md5.h" />
		<Unit filename="../../../../include_lib/net/lwip/src/include/netif/ppp/polarssl/sha1.h" />
		<Unit filename="../../../../include_lib/net/lwip/src/include/netif/ppp/ppp.h" />
		<Unit filename="../../../../include_lib/net/lwip/src/include/netif/ppp/ppp_impl.h" />
		<Unit filename="../../../../include_lib/net/lwip/src/include/netif/ppp/ppp_opts.h" />
		<Unit filename="../../../../include_lib/net/lwip/src/include/netif/ppp/pppapi.h" />
		<Unit filename="../../../../include_lib/net/lwip/src/include/netif/ppp/pppcrypt.h" />
		<Unit filename="../../../../include_lib/net/lwip/src/include/netif/ppp/pppdebug.h" />
		<Unit filename="../../../../include_lib/net/lwip/src/include/netif/ppp/pppoe.h" />
		<Unit filename="../../../../include_lib/net/lwip/src/include/netif/ppp/pppol2tp.h" />
		<Unit filename="../../../../include_lib/net/lwip/src/include/netif/ppp/pppos.h" />
		<Unit filename="../../../../include_lib/net/lwip/src/include/netif/ppp/upap.h" />
		<Unit filename="../../../../include_lib/net/lwip/src/include/netif/ppp/vj.h" />
		<Unit filename="../../../../include_lib/net/lwip/src/include/netif/slipif.h" />
		<Unit filename="../../../../include_lib/net/lwip/src/include/posix/errno.h" />
		<Unit filename="../../../../include_lib/net/lwip/src/include/posix/netdb.h" />
		<Unit filename="../../../../include_lib/net/lwip/src/include/posix/sys/socket.h" />
		<Unit filename="../apps/cdp/cdp_server.c">
			<Option compilerVar="CC" />
		</Unit>
		<Unit filename="../apps/ctp/ctp_clinent.c">
			<Option compilerVar="CC" />
		</Unit>
		<Unit filename="../apps/ctp/ctp_server.c">
			<Option compilerVar="CC" />
		</Unit>
		<Unit filename="../apps/ddns/DDNS_Client.c">
			<Option compilerVar="CC" />
		</Unit>
		<Unit filename="../apps/dhcp_srv/dhcp_srv.c">
			<Option compilerVar="CC" />
		</Unit>
		<Unit filename="../apps/mssdp/mssdp.c">
			<Option compilerVar="CC" />
		</Unit>
		<Unit filename="../apps/ntp/ntp.c">
			<Option compilerVar="CC" />
		</Unit>
		<Unit filename="../apps/sock_api/sock_api.c">
			<Option compilerVar="CC" />
		</Unit>
		<Unit filename="../apps/udtp/udtp.c">
			<Option compilerVar="CC" />
		</Unit>
		<Unit filename="../port/LwIP.c">
			<Option compilerVar="CC" />
		</Unit>
		<Unit filename="../port/lte_ethernetif.c">
			<Option compilerVar="CC" />
		</Unit>
		<Unit filename="../port/sys_arch.c">
			<Option compilerVar="CC" />
		</Unit>
		<Unit filename="../port/wired_ethernetif.c">
			<Option compilerVar="CC" />
		</Unit>
		<Unit filename="../port/wireless_ethernetif.c">
			<Option compilerVar="CC" />
		</Unit>
		<Unit filename="../src/api/api_lib.c">
			<Option compilerVar="CC" />
		</Unit>
		<Unit filename="../src/api/api_msg.c">
			<Option compilerVar="CC" />
		</Unit>
		<Unit filename="../src/api/err.c">
			<Option compilerVar="CC" />
		</Unit>
		<Unit filename="../src/api/netbuf.c">
			<Option compilerVar="CC" />
		</Unit>
		<Unit filename="../src/api/netdb.c">
			<Option compilerVar="CC" />
		</Unit>
		<Unit filename="../src/api/netifapi.c">
			<Option compilerVar="CC" />
		</Unit>
		<Unit filename="../src/api/sockets.c">
			<Option compilerVar="CC" />
		</Unit>
		<Unit filename="../src/api/tcpip.c">
			<Option compilerVar="CC" />
		</Unit>
		<Unit filename="../src/core/def.c">
			<Option compilerVar="CC" />
		</Unit>
		<Unit filename="../src/core/dns.c">
			<Option compilerVar="CC" />
		</Unit>
		<Unit filename="../src/core/inet_chksum.c">
			<Option compilerVar="CC" />
		</Unit>
		<Unit filename="../src/core/init.c">
			<Option compilerVar="CC" />
		</Unit>
		<Unit filename="../src/core/ip.c">
			<Option compilerVar="CC" />
		</Unit>
		<Unit filename="../src/core/ipv4/autoip.c">
			<Option compilerVar="CC" />
		</Unit>
		<Unit filename="../src/core/ipv4/dhcp.c">
			<Option compilerVar="CC" />
		</Unit>
		<Unit filename="../src/core/ipv4/etharp.c">
			<Option compilerVar="CC" />
		</Unit>
		<Unit filename="../src/core/ipv4/icmp.c">
			<Option compilerVar="CC" />
		</Unit>
		<Unit filename="../src/core/ipv4/igmp.c">
			<Option compilerVar="CC" />
		</Unit>
		<Unit filename="../src/core/ipv4/ip4.c">
			<Option compilerVar="CC" />
		</Unit>
		<Unit filename="../src/core/ipv4/ip4_addr.c">
			<Option compilerVar="CC" />
		</Unit>
		<Unit filename="../src/core/ipv4/ip4_frag.c">
			<Option compilerVar="CC" />
		</Unit>
		<Unit filename="../src/core/ipv6/dhcp6.c">
			<Option compilerVar="CC" />
		</Unit>
		<Unit filename="../src/core/ipv6/ethip6.c">
			<Option compilerVar="CC" />
		</Unit>
		<Unit filename="../src/core/ipv6/icmp6.c">
			<Option compilerVar="CC" />
		</Unit>
		<Unit filename="../src/core/ipv6/inet6.c">
			<Option compilerVar="CC" />
		</Unit>
		<Unit filename="../src/core/ipv6/ip6.c">
			<Option compilerVar="CC" />
		</Unit>
		<Unit filename="../src/core/ipv6/ip6_addr.c">
			<Option compilerVar="CC" />
		</Unit>
		<Unit filename="../src/core/ipv6/ip6_frag.c">
			<Option compilerVar="CC" />
		</Unit>
		<Unit filename="../src/core/ipv6/mld6.c">
			<Option compilerVar="CC" />
		</Unit>
		<Unit filename="../src/core/ipv6/nd6.c">
			<Option compilerVar="CC" />
		</Unit>
		<Unit filename="../src/core/mem.c">
			<Option compilerVar="CC" />
		</Unit>
		<Unit filename="../src/core/memp.c">
			<Option compilerVar="CC" />
		</Unit>
		<Unit filename="../src/core/netif.c">
			<Option compilerVar="CC" />
		</Unit>
		<Unit filename="../src/core/pbuf.c">
			<Option compilerVar="CC" />
		</Unit>
		<Unit filename="../src/core/raw.c">
			<Option compilerVar="CC" />
		</Unit>
		<Unit filename="../src/core/stats.c">
			<Option compilerVar="CC" />
		</Unit>
		<Unit filename="../src/core/sys.c">
			<Option compilerVar="CC" />
		</Unit>
		<Unit filename="../src/core/tcp.c">
			<Option compilerVar="CC" />
		</Unit>
		<Unit filename="../src/core/tcp_in.c">
			<Option compilerVar="CC" />
		</Unit>
		<Unit filename="../src/core/tcp_out.c">
			<Option compilerVar="CC" />
		</Unit>
		<Unit filename="../src/core/timeouts.c">
			<Option compilerVar="CC" />
		</Unit>
		<Unit filename="../src/core/udp.c">
			<Option compilerVar="CC" />
		</Unit>
		<Unit filename="../src/netif/ethernet.c">
			<Option compilerVar="CC" />
		</Unit>
		<Unit filename="../src/netif/ethernetif.c">
			<Option compilerVar="CC" />
		</Unit>
		<Unit filename="../src/netif/lowpan6.c">
			<Option compilerVar="CC" />
		</Unit>
		<Unit filename="../src/netif/ppp/auth.c">
			<Option compilerVar="CC" />
		</Unit>
		<Unit filename="../src/netif/ppp/ccp.c">
			<Option compilerVar="CC" />
		</Unit>
		<Unit filename="../src/netif/ppp/chap-md5.c">
			<Option compilerVar="CC" />
		</Unit>
		<Unit filename="../src/netif/ppp/chap-new.c">
			<Option compilerVar="CC" />
		</Unit>
		<Unit filename="../src/netif/ppp/chap_ms.c">
			<Option compilerVar="CC" />
		</Unit>
		<Unit filename="../src/netif/ppp/demand.c">
			<Option compilerVar="CC" />
		</Unit>
		<Unit filename="../src/netif/ppp/eap.c">
			<Option compilerVar="CC" />
		</Unit>
		<Unit filename="../src/netif/ppp/ecp.c">
			<Option compilerVar="CC" />
		</Unit>
		<Unit filename="../src/netif/ppp/eui64.c">
			<Option compilerVar="CC" />
		</Unit>
		<Unit filename="../src/netif/ppp/fsm.c">
			<Option compilerVar="CC" />
		</Unit>
		<Unit filename="../src/netif/ppp/ipcp.c">
			<Option compilerVar="CC" />
		</Unit>
		<Unit filename="../src/netif/ppp/ipv6cp.c">
			<Option compilerVar="CC" />
		</Unit>
		<Unit filename="../src/netif/ppp/lcp.c">
			<Option compilerVar="CC" />
		</Unit>
		<Unit filename="../src/netif/ppp/magic.c">
			<Option compilerVar="CC" />
		</Unit>
		<Unit filename="../src/netif/ppp/mppe.c">
			<Option compilerVar="CC" />
		</Unit>
		<Unit filename="../src/netif/ppp/multilink.c">
			<Option compilerVar="CC" />
		</Unit>
		<Unit filename="../src/netif/ppp/polarssl/arc4.c">
			<Option compilerVar="CC" />
		</Unit>
		<Unit filename="../src/netif/ppp/polarssl/des.c">
			<Option compilerVar="CC" />
		</Unit>
		<Unit filename="../src/netif/ppp/polarssl/md4.c">
			<Option compilerVar="CC" />
		</Unit>
		<Unit filename="../src/netif/ppp/polarssl/md5.c">
			<Option compilerVar="CC" />
		</Unit>
		<Unit filename="../src/netif/ppp/polarssl/sha1.c">
			<Option compilerVar="CC" />
		</Unit>
		<Unit filename="../src/netif/ppp/ppp.c">
			<Option compilerVar="CC" />
		</Unit>
		<Unit filename="../src/netif/ppp/pppapi.c">
			<Option compilerVar="CC" />
		</Unit>
		<Unit filename="../src/netif/ppp/pppcrypt.c">
			<Option compilerVar="CC" />
		</Unit>
		<Unit filename="../src/netif/ppp/pppoe.c">
			<Option compilerVar="CC" />
		</Unit>
		<Unit filename="../src/netif/ppp/pppol2tp.c">
			<Option compilerVar="CC" />
		</Unit>
		<Unit filename="../src/netif/ppp/pppos.c">
			<Option compilerVar="CC" />
		</Unit>
		<Unit filename="../src/netif/ppp/upap.c">
			<Option compilerVar="CC" />
		</Unit>
		<Unit filename="../src/netif/ppp/utils.c">
			<Option compilerVar="CC" />
		</Unit>
		<Unit filename="../src/netif/ppp/vj.c">
			<Option compilerVar="CC" />
		</Unit>
		<Unit filename="../src/netif/slipif.c">
			<Option compilerVar="CC" />
		</Unit>
		<Extensions>
			<code_completion />
			<envvars />
			<debugger>
				<remote_debugging>
					<options conn_type="0" serial_baud="115200" ip_address="127.0.0.1" ip_port="9999" />
				</remote_debugging>
			</debugger>
		</Extensions>
	</Project>
</CodeBlocks_project_file>
